
Microsoft Visual Studio Solution File, Format Version 12.00
# Visual Studio Version 17
VisualStudioVersion = 17.0.31423.177
MinimumVisualStudioVersion = 10.0.40219.1
Project("{FAE04EC0-301F-11D3-BF4B-00C04F79EFBC}") = "Proje5.31_ButonYakalamaOyunu", "Proje5.31_ButonYakalamaOyunu.csproj", "{E4F0BCB8-F9C5-4E99-BFD6-FA4D9D53302E}"
EndProject
Global
	GlobalSection(SolutionConfigurationPlatforms) = preSolution
		Debug|Any CPU = Debug|Any CPU
		Release|Any CPU = Release|Any CPU
	EndGlobalSection
	GlobalSection(ProjectConfigurationPlatforms) = postSolution
		{E4F0BCB8-F9C5-4E99-BFD6-FA4D9D53302E}.Debug|Any CPU.ActiveCfg = Debug|Any CPU
		{E4F0BCB8-F9C5-4E99-BFD6-FA4D9D53302E}.Debug|Any CPU.Build.0 = Debug|Any CPU
		{E4F0BCB8-F9C5-4E99-BFD6-FA4D9D53302E}.Release|Any CPU.ActiveCfg = Release|Any CPU
		{E4F0BCB8-F9C5-4E99-BFD6-FA4D9D53302E}.Release|Any CPU.Build.0 = Release|Any CPU
	EndGlobalSection
	GlobalSection(SolutionProperties) = preSolution
		HideSolutionNode = FALSE
	EndGlobalSection
	GlobalSection(ExtensibilityGlobals) = postSolution
		SolutionGuid = {A5BD9A86-C37C-41ED-9462-B428796D189E}
	EndGlobalSection
EndGlobal
